
Microsoft Visual Studio Solution File, Format Version 12.00
# Visual Studio 15
VisualStudioVersion = 15.0.27130.2036
MinimumVisualStudioVersion = 10.0.40219.1
Project("{FAE04EC0-301F-11D3-BF4B-00C04F79EFBC}") = "ProgramFlow", "ProgramFlow\ProgramFlow.csproj", "{7A8CB842-A7DB-4F5C-B682-F3D95CD97DE8}"
EndProject
Project("{FAE04EC0-301F-11D3-BF4B-00C04F79EFBC}") = "Startup", "Startup\Startup.csproj", "{4A1471F1-37BB-41FC-B169-CAAD8CC4FB2F}"
EndProject
Project("{FAE04EC0-301F-11D3-BF4B-00C04F79EFBC}") = "Types", "Types\Types.csproj", "{F3740395-DCC7-460A-826C-D718F88845C6}"
EndProject
Global
	GlobalSection(SolutionConfigurationPlatforms) = preSolution
		Debug|Any CPU = Debug|Any CPU
		Release|Any CPU = Release|Any CPU
	EndGlobalSection
	GlobalSection(ProjectConfigurationPlatforms) = postSolution
		{7A8CB842-A7DB-4F5C-B682-F3D95CD97DE8}.Debug|Any CPU.ActiveCfg = Debug|Any CPU
		{7A8CB842-A7DB-4F5C-B682-F3D95CD97DE8}.Debug|Any CPU.Build.0 = Debug|Any CPU
		{7A8CB842-A7DB-4F5C-B682-F3D95CD97DE8}.Release|Any CPU.ActiveCfg = Release|Any CPU
		{7A8CB842-A7DB-4F5C-B682-F3D95CD97DE8}.Release|Any CPU.Build.0 = Release|Any CPU
		{4A1471F1-37BB-41FC-B169-CAAD8CC4FB2F}.Debug|Any CPU.ActiveCfg = Debug|Any CPU
		{4A1471F1-37BB-41FC-B169-CAAD8CC4FB2F}.Debug|Any CPU.Build.0 = Debug|Any CPU
		{4A1471F1-37BB-41FC-B169-CAAD8CC4FB2F}.Release|Any CPU.ActiveCfg = Release|Any CPU
		{4A1471F1-37BB-41FC-B169-CAAD8CC4FB2F}.Release|Any CPU.Build.0 = Release|Any CPU
		{F3740395-DCC7-460A-826C-D718F88845C6}.Debug|Any CPU.ActiveCfg = Debug|Any CPU
		{F3740395-DCC7-460A-826C-D718F88845C6}.Debug|Any CPU.Build.0 = Debug|Any CPU
		{F3740395-DCC7-460A-826C-D718F88845C6}.Release|Any CPU.ActiveCfg = Release|Any CPU
		{F3740395-DCC7-460A-826C-D718F88845C6}.Release|Any CPU.Build.0 = Release|Any CPU
	EndGlobalSection
	GlobalSection(SolutionProperties) = preSolution
		HideSolutionNode = FALSE
	EndGlobalSection
	GlobalSection(ExtensibilityGlobals) = postSolution
		SolutionGuid = {DC8C2E46-A0A1-490A-A7D4-E4B15CDF3AED}
	EndGlobalSection
EndGlobal
